
Microsoft Visual Studio Solution File, Format Version 12.00
# Visual Studio Version 16
VisualStudioVersion = 16.0.30804.86
MinimumVisualStudioVersion = 10.0.40219.1
Project("{FAE04EC0-301F-11D3-BF4B-00C04F79EFBC}") = "ScammerBeGoneConsole", "ScammerBeGoneConsole\ScammerBeGoneConsole.csproj", "{7C572D1A-8819-4C0C-BFB1-E62A443713F5}"
EndProject
Global
	GlobalSection(SolutionConfigurationPlatforms) = preSolution
		Debug|Any CPU = Debug|Any CPU
		Release|Any CPU = Release|Any CPU
	EndGlobalSection
	GlobalSection(ProjectConfigurationPlatforms) = postSolution
		{7C572D1A-8819-4C0C-BFB1-E62A443713F5}.Debug|Any CPU.ActiveCfg = Debug|Any CPU
		{7C572D1A-8819-4C0C-BFB1-E62A443713F5}.Debug|Any CPU.Build.0 = Debug|Any CPU
		{7C572D1A-8819-4C0C-BFB1-E62A443713F5}.Release|Any CPU.ActiveCfg = Release|Any CPU
		{7C572D1A-8819-4C0C-BFB1-E62A443713F5}.Release|Any CPU.Build.0 = Release|Any CPU
	EndGlobalSection
	GlobalSection(SolutionProperties) = preSolution
		HideSolutionNode = FALSE
	EndGlobalSection
	GlobalSection(ExtensibilityGlobals) = postSolution
		SolutionGuid = {4453DE27-790D-499C-90EB-C51E9C2055B0}
	EndGlobalSection
EndGlobal
